// !$*UTF8*$!
{
	archiveVersion = 1;
	classes = {
	};
	objectVersion = 50;
	objects = {

/* Begin PBXBuildFile section */
		8BD4870423DF342600EE1140 /* AppDelegate.swift in Sources */ = {isa = PBXBuildFile; fileRef = 8BD4870323DF342600EE1140 /* AppDelegate.swift */; };
		8BD4870623DF342600EE1140 /* SceneDelegate.swift in Sources */ = {isa = PBXBuildFile; fileRef = 8BD4870523DF342600EE1140 /* SceneDelegate.swift */; };
		8BD4870823DF342600EE1140 /* ContentView.swift in Sources */ = {isa = PBXBuildFile; fileRef = 8BD4870723DF342600EE1140 /* ContentView.swift */; };
		8BD4870A23DF342B00EE1140 /* Assets.xcassets in Resources */ = {isa = PBXBuildFile; fileRef = 8BD4870923DF342B00EE1140 /* Assets.xcassets */; };
		8BD4870D23DF342B00EE1140 /* Preview Assets.xcassets in Resources */ = {isa = PBXBuildFile; fileRef = 8BD4870C23DF342B00EE1140 /* Preview Assets.xcassets */; };
		8BD4871023DF342B00EE1140 /* LaunchScreen.storyboard in Resources */ = {isa = PBXBuildFile; fileRef = 8BD4870E23DF342B00EE1140 /* LaunchScreen.storyboard */; };
		8BD4871A23DF351B00EE1140 /* LoyaltyCardView.swift in Sources */ = {isa = PBXBuildFile; fileRef = 8BD4871923DF351B00EE1140 /* LoyaltyCardView.swift */; };
		8BD4871C23DF354B00EE1140 /* Reader.swift in Sources */ = {isa = PBXBuildFile; fileRef = 8BD4871B23DF354B00EE1140 /* Reader.swift */; };
		8BD4871E23DF362E00EE1140 /* StampView.swift in Sources */ = {isa = PBXBuildFile; fileRef = 8BD4871D23DF362E00EE1140 /* StampView.swift */; };
		8BD4872023DF386B00EE1140 /* Modifiers.swift in Sources */ = {isa = PBXBuildFile; fileRef = 8BD4871F23DF386B00EE1140 /* Modifiers.swift */; };
/* End PBXBuildFile section */

/* Begin PBXFileReference section */
		8BD4870023DF342600EE1140 /* River Garden Cafe.app */ = {isa = PBXFileReference; explicitFileType = wrapper.application; includeInIndex = 0; path = "River Garden Cafe.app"; sourceTree = BUILT_PRODUCTS_DIR; };
		8BD4870323DF342600EE1140 /* AppDelegate.swift */ = {isa = PBXFileReference; lastKnownFileType = sourcecode.swift; path = AppDelegate.swift; sourceTree = "<group>"; };
		8BD4870523DF342600EE1140 /* SceneDelegate.swift */ = {isa = PBXFileReference; lastKnownFileType = sourcecode.swift; path = SceneDelegate.swift; sourceTree = "<group>"; };
		8BD4870723DF342600EE1140 /* ContentView.swift */ = {isa = PBXFileReference; lastKnownFileType = sourcecode.swift; path = ContentView.swift; sourceTree = "<group>"; };
		8BD4870923DF342B00EE1140 /* Assets.xcassets */ = {isa = PBXFileReference; lastKnownFileType = folder.assetcatalog; path = Assets.xcassets; sourceTree = "<group>"; };
		8BD4870C23DF342B00EE1140 /* Preview Assets.xcassets */ = {isa = PBXFileReference; lastKnownFileType = folder.assetcatalog; path = "Preview Assets.xcassets"; sourceTree = "<group>"; };
		8BD4870F23DF342B00EE1140 /* Base */ = {isa = PBXFileReference; lastKnownFileType = file.storyboard; name = Base; path = Base.lproj/LaunchScreen.storyboard; sourceTree = "<group>"; };
		8BD4871123DF342B00EE1140 /* Info.plist */ = {isa = PBXFileReference; lastKnownFileType = text.plist.xml; path = Info.plist; sourceTree = "<group>"; };
		8BD4871923DF351B00EE1140 /* LoyaltyCardView.swift */ = {isa = PBXFileReference; lastKnownFileType = sourcecode.swift; name = LoyaltyCardView.swift; path = "SupportIng Views/LoyaltyCardView.swift"; sourceTree = "<group>"; };
		8BD4871B23DF354B00EE1140 /* Reader.swift */ = {isa = PBXFileReference; lastKnownFileType = sourcecode.swift; path = Reader.swift; sourceTree = "<group>"; };
		8BD4871D23DF362E00EE1140 /* StampView.swift */ = {isa = PBXFileReference; lastKnownFileType = sourcecode.swift; name = StampView.swift; path = "River Garden Cafe/Supporting Files/StampView.swift"; sourceTree = SOURCE_ROOT; };
		8BD4871F23DF386B00EE1140 /* Modifiers.swift */ = {isa = PBXFileReference; lastKnownFileType = sourcecode.swift; path = Modifiers.swift; sourceTree = "<group>"; };
		8BD4872123DF394600EE1140 /* River Garden Cafe.entitlements */ = {isa = PBXFileReference; lastKnownFileType = text.plist.entitlements; path = "River Garden Cafe.entitlements"; sourceTree = "<group>"; };
/* End PBXFileReference section */

/* Begin PBXFrameworksBuildPhase section */
		8BD486FD23DF342600EE1140 /* Frameworks */ = {
			isa = PBXFrameworksBuildPhase;
			buildActionMask = 2147483647;
			files = (
			);
			runOnlyForDeploymentPostprocessing = 0;
		};
/* End PBXFrameworksBuildPhase section */

/* Begin PBXGroup section */
		8BD486F723DF342600EE1140 = {
			isa = PBXGroup;
			children = (
				8BD4870223DF342600EE1140 /* River Garden Cafe */,
				8BD4870123DF342600EE1140 /* Products */,
			);
			sourceTree = "<group>";
		};
		8BD4870123DF342600EE1140 /* Products */ = {
			isa = PBXGroup;
			children = (
				8BD4870023DF342600EE1140 /* River Garden Cafe.app */,
			);
			name = Products;
			sourceTree = "<group>";
		};
		8BD4870223DF342600EE1140 /* River Garden Cafe */ = {
			isa = PBXGroup;
			children = (
				8BD4872123DF394600EE1140 /* River Garden Cafe.entitlements */,
				8BD4870323DF342600EE1140 /* AppDelegate.swift */,
				8BD4870523DF342600EE1140 /* SceneDelegate.swift */,
				8BD4870723DF342600EE1140 /* ContentView.swift */,
				8BD4871923DF351B00EE1140 /* LoyaltyCardView.swift */,
				8BD4871823DF34BD00EE1140 /* SupportIng Views */,
				8BD4871723DF349300EE1140 /* Supporting Files */,
				8BD4870923DF342B00EE1140 /* Assets.xcassets */,
				8BD4870E23DF342B00EE1140 /* LaunchScreen.storyboard */,
				8BD4871123DF342B00EE1140 /* Info.plist */,
				8BD4870B23DF342B00EE1140 /* Preview Content */,
			);
			path = "River Garden Cafe";
			sourceTree = "<group>";
		};
		8BD4870B23DF342B00EE1140 /* Preview Content */ = {
			isa = PBXGroup;
			children = (
				8BD4870C23DF342B00EE1140 /* Preview Assets.xcassets */,
			);
			path = "Preview Content";
			sourceTree = "<group>";
		};
		8BD4871723DF349300EE1140 /* Supporting Files */ = {
			isa = PBXGroup;
			children = (
				8BD4871B23DF354B00EE1140 /* Reader.swift */,
				8BD4871F23DF386B00EE1140 /* Modifiers.swift */,
			);
			path = "Supporting Files";
			sourceTree = "<group>";
		};
		8BD4871823DF34BD00EE1140 /* SupportIng Views */ = {
			isa = PBXGroup;
			children = (
				8BD4871D23DF362E00EE1140 /* StampView.swift */,
			);
			path = "SupportIng Views";
			sourceTree = "<group>";
		};
/* End PBXGroup section */

/* Begin PBXNativeTarget section */
		8BD486FF23DF342600EE1140 /* River Garden Cafe */ = {
			isa = PBXNativeTarget;
			buildConfigurationList = 8BD4871423DF342B00EE1140 /* Build configuration list for PBXNativeTarget "River Garden Cafe" */;
			buildPhases = (
				8BD486FC23DF342600EE1140 /* Sources */,
				8BD486FD23DF342600EE1140 /* Frameworks */,
				8BD486FE23DF342600EE1140 /* Resources */,
			);
			buildRules = (
			);
			dependencies = (
			);
			name = "River Garden Cafe";
			productName = "River Garden Cafe";
			productReference = 8BD4870023DF342600EE1140 /* River Garden Cafe.app */;
			productType = "com.apple.product-type.application";
		};
/* End PBXNativeTarget section */

/* Begin PBXProject section */
		8BD486F823DF342600EE1140 /* Project object */ = {
			isa = PBXProject;
			attributes = {
				LastSwiftUpdateCheck = 1130;
				LastUpgradeCheck = 1130;
				ORGANIZATIONNAME = "Nigel Gee";
				TargetAttributes = {
					8BD486FF23DF342600EE1140 = {
						CreatedOnToolsVersion = 11.3.1;
					};
				};
			};
			buildConfigurationList = 8BD486FB23DF342600EE1140 /* Build configuration list for PBXProject "River Garden Cafe" */;
			compatibilityVersion = "Xcode 9.3";
			developmentRegion = en;
			hasScannedForEncodings = 0;
			knownRegions = (
				en,
				Base,
			);
			mainGroup = 8BD486F723DF342600EE1140;
			productRefGroup = 8BD4870123DF342600EE1140 /* Products */;
			projectDirPath = "";
			projectRoot = "";
			targets = (
				8BD486FF23DF342600EE1140 /* River Garden Cafe */,
			);
		};
/* End PBXProject section */

/* Begin PBXResourcesBuildPhase section */
		8BD486FE23DF342600EE1140 /* Resources */ = {
			isa = PBXResourcesBuildPhase;
			buildActionMask = 2147483647;
			files = (
				8BD4871023DF342B00EE1140 /* LaunchScreen.storyboard in Resources */,
				8BD4870D23DF342B00EE1140 /* Preview Assets.xcassets in Resources */,
				8BD4870A23DF342B00EE1140 /* Assets.xcassets in Resources */,
			);
			runOnlyForDeploymentPostprocessing = 0;
		};
/* End PBXResourcesBuildPhase section */

/* Begin PBXSourcesBuildPhase section */
		8BD486FC23DF342600EE1140 /* Sources */ = {
			isa = PBXSourcesBuildPhase;
			buildActionMask = 2147483647;
			files = (
				8BD4870423DF342600EE1140 /* AppDelegate.swift in Sources */,
				8BD4870623DF342600EE1140 /* SceneDelegate.swift in Sources */,
				8BD4872023DF386B00EE1140 /* Modifiers.swift in Sources */,
				8BD4871E23DF362E00EE1140 /* StampView.swift in Sources */,
				8BD4871C23DF354B00EE1140 /* Reader.swift in Sources */,
				8BD4870823DF342600EE1140 /* ContentView.swift in Sources */,
				8BD4871A23DF351B00EE1140 /* LoyaltyCardView.swift in Sources */,
			);
			runOnlyForDeploymentPostprocessing = 0;
		};
/* End PBXSourcesBuildPhase section */

/* Begin PBXVariantGroup section */
		8BD4870E23DF342B00EE1140 /* LaunchScreen.storyboard */ = {
			isa = PBXVariantGroup;
			children = (
				8BD4870F23DF342B00EE1140 /* Base */,
			);
			name = LaunchScreen.storyboard;
			sourceTree = "<group>";
		};
/* End PBXVariantGroup section */

/* Begin XCBuildConfiguration section */
		8BD4871223DF342B00EE1140 /* Debug */ = {
			isa = XCBuildConfiguration;
			buildSettings = {
				ALWAYS_SEARCH_USER_PATHS = NO;
				CLANG_ANALYZER_NONNULL = YES;
				CLANG_ANALYZER_NUMBER_OBJECT_CONVERSION = YES_AGGRESSIVE;
				CLANG_CXX_LANGUAGE_STANDARD = "gnu++14";
				CLANG_CXX_LIBRARY = "libc++";
				CLANG_ENABLE_MODULES = YES;
				CLANG_ENABLE_OBJC_ARC = YES;
				CLANG_ENABLE_OBJC_WEAK = YES;
				CLANG_WARN_BLOCK_CAPTURE_AUTORELEASING = YES;
				CLANG_WARN_BOOL_CONVERSION = YES;
				CLANG_WARN_COMMA = YES;
				CLANG_WARN_CONSTANT_CONVERSION = YES;
				CLANG_WARN_DEPRECATED_OBJC_IMPLEMENTATIONS = YES;
				CLANG_WARN_DIRECT_OBJC_ISA_USAGE = YES_ERROR;
				CLANG_WARN_DOCUMENTATION_COMMENTS = YES;
				CLANG_WARN_EMPTY_BODY = YES;
				CLANG_WARN_ENUM_CONVERSION = YES;
				CLANG_WARN_INFINITE_RECURSION = YES;
				CLANG_WARN_INT_CONVERSION = YES;
				CLANG_WARN_NON_LITERAL_NULL_CONVERSION = YES;
				CLANG_WARN_OBJC_IMPLICIT_RETAIN_SELF = YES;
				CLANG_WARN_OBJC_LITERAL_CONVERSION = YES;
				CLANG_WARN_OBJC_ROOT_CLASS = YES_ERROR;
				CLANG_WARN_RANGE_LOOP_ANALYSIS = YES;
				CLANG_WARN_STRICT_PROTOTYPES = YES;
				CLANG_WARN_SUSPICIOUS_MOVE = YES;
				CLANG_WARN_UNGUARDED_AVAILABILITY = YES_AGGRESSIVE;
				CLANG_WARN_UNREACHABLE_CODE = YES;
				CLANG_WARN__DUPLICATE_METHOD_MATCH = YES;
				COPY_PHASE_STRIP = NO;
				DEBUG_INFORMATION_FORMAT = dwarf;
				ENABLE_STRICT_OBJC_MSGSEND = YES;
				ENABLE_TESTABILITY = YES;
				GCC_C_LANGUAGE_STANDARD = gnu11;
				GCC_DYNAMIC_NO_PIC = NO;
				GCC_NO_COMMON_BLOCKS = YES;
				GCC_OPTIMIZATION_LEVEL = 0;
				GCC_PREPROCESSOR_DEFINITIONS = (
					"DEBUG=1",
					"$(inherited)",
				);
				GCC_WARN_64_TO_32_BIT_CONVERSION = YES;
				GCC_WARN_ABOUT_RETURN_TYPE = YES_ERROR;
				GCC_WARN_UNDECLARED_SELECTOR = YES;
				GCC_WARN_UNINITIALIZED_AUTOS = YES_AGGRESSIVE;
				GCC_WARN_UNUSED_FUNCTION = YES;
				GCC_WARN_UNUSED_VARIABLE = YES;
				IPHONEOS_DEPLOYMENT_TARGET = 13.2;
				MTL_ENABLE_DEBUG_INFO = INCLUDE_SOURCE;
				MTL_FAST_MATH = YES;
				ONLY_ACTIVE_ARCH = YES;
				SDKROOT = iphoneos;
				SWIFT_ACTIVE_COMPILATION_CONDITIONS = DEBUG;
				SWIFT_OPTIMIZATION_LEVEL = "-Onone";
			};
			name = Debug;
		};
		8BD4871323DF342B00EE1140 /* Release */ = {
			isa = XCBuildConfiguration;
			buildSettings = {
				ALWAYS_SEARCH_USER_PATHS = NO;
				CLANG_ANALYZER_NONNULL = YES;
				CLANG_ANALYZER_NUMBER_OBJECT_CONVERSION = YES_AGGRESSIVE;
				CLANG_CXX_LANGUAGE_STANDARD = "gnu++14";
				CLANG_CXX_LIBRARY = "libc++";
				CLANG_ENABLE_MODULES = YES;
				CLANG_ENABLE_OBJC_ARC = YES;
				CLANG_ENABLE_OBJC_WEAK = YES;
				CLANG_WARN_BLOCK_CAPTURE_AUTORELEASING = YES;
				CLANG_WARN_BOOL_CONVERSION = YES;
				CLANG_WARN_COMMA = YES;
				CLANG_WARN_CONSTANT_CONVERSION = YES;
				CLANG_WARN_DEPRECATED_OBJC_IMPLEMENTATIONS = YES;
				CLANG_WARN_DIRECT_OBJC_ISA_USAGE = YES_ERROR;
				CLANG_WARN_DOCUMENTATION_COMMENTS = YES;
				CLANG_WARN_EMPTY_BODY = YES;
				CLANG_WARN_ENUM_CONVERSION = YES;
				CLANG_WARN_INFINITE_RECURSION = YES;
				CLANG_WARN_INT_CONVERSION = YES;
				CLANG_WARN_NON_LITERAL_NULL_CONVERSION = YES;
				CLANG_WARN_OBJC_IMPLICIT_RETAIN_SELF = YES;
				CLANG_WARN_OBJC_LITERAL_CONVERSION = YES;
				CLANG_WARN_OBJC_ROOT_CLASS = YES_ERROR;
				CLANG_WARN_RANGE_LOOP_ANALYSIS = YES;
				CLANG_WARN_STRICT_PROTOTYPES = YES;
				CLANG_WARN_SUSPICIOUS_MOVE = YES;
				CLANG_WARN_UNGUARDED_AVAILABILITY = YES_AGGRESSIVE;
				CLANG_WARN_UNREACHABLE_CODE = YES;
				CLANG_WARN__DUPLICATE_METHOD_MATCH = YES;
				COPY_PHASE_STRIP = NO;
				DEBUG_INFORMATION_FORMAT = "dwarf-with-dsym";
				ENABLE_NS_ASSERTIONS = NO;
				ENABLE_STRICT_OBJC_MSGSEND = YES;
				GCC_C_LANGUAGE_STANDARD = gnu11;
				GCC_NO_COMMON_BLOCKS = YES;
				GCC_WARN_64_TO_32_BIT_CONVERSION = YES;
				GCC_WARN_ABOUT_RETURN_TYPE = YES_ERROR;
				GCC_WARN_UNDECLARED_SELECTOR = YES;
				GCC_WARN_UNINITIALIZED_AUTOS = YES_AGGRESSIVE;
				GCC_WARN_UNUSED_FUNCTION = YES;
				GCC_WARN_UNUSED_VARIABLE = YES;
				IPHONEOS_DEPLOYMENT_TARGET = 13.2;
				MTL_ENABLE_DEBUG_INFO = NO;
				MTL_FAST_MATH = YES;
				SDKROOT = iphoneos;
				SWIFT_COMPILATION_MODE = wholemodule;
				SWIFT_OPTIMIZATION_LEVEL = "-O";
				VALIDATE_PRODUCT = YES;
			};
			name = Release;
		};
		8BD4871523DF342B00EE1140 /* Debug */ = {
			isa = XCBuildConfiguration;
			buildSettings = {
				ASSETCATALOG_COMPILER_APPICON_NAME = AppIcon;
				CODE_SIGN_ENTITLEMENTS = "River Garden Cafe/River Garden Cafe.entitlements";
				CODE_SIGN_STYLE = Automatic;
				DEVELOPMENT_ASSET_PATHS = "\"River Garden Cafe/Preview Content\"";
				DEVELOPMENT_TEAM = 5SYZQ266RF;
				ENABLE_PREVIEWS = YES;
				INFOPLIST_FILE = "River Garden Cafe/Info.plist";
				LD_RUNPATH_SEARCH_PATHS = (
					"$(inherited)",
					"@executable_path/Frameworks",
				);
				PRODUCT_BUNDLE_IDENTIFIER = "co.uk.theappforest.River-Garden-Cafe";
				PRODUCT_NAME = "$(TARGET_NAME)";
				SWIFT_VERSION = 5.0;
				TARGETED_DEVICE_FAMILY = "1,2";
			};
			name = Debug;
		};
		8BD4871623DF342B00EE1140 /* Release */ = {
			isa = XCBuildConfiguration;
			buildSettings = {
				ASSETCATALOG_COMPILER_APPICON_NAME = AppIcon;
				CODE_SIGN_ENTITLEMENTS = "River Garden Cafe/River Garden Cafe.entitlements";
				CODE_SIGN_STYLE = Automatic;
				DEVELOPMENT_ASSET_PATHS = "\"River Garden Cafe/Preview Content\"";
				DEVELOPMENT_TEAM = 5SYZQ266RF;
				ENABLE_PREVIEWS = YES;
				INFOPLIST_FILE = "River Garden Cafe/Info.plist";
				LD_RUNPATH_SEARCH_PATHS = (
					"$(inherited)",
					"@executable_path/Frameworks",
				);
				PRODUCT_BUNDLE_IDENTIFIER = "co.uk.theappforest.River-Garden-Cafe";
				PRODUCT_NAME = "$(TARGET_NAME)";
				SWIFT_VERSION = 5.0;
				TARGETED_DEVICE_FAMILY = "1,2";
			};
			name = Release;
		};
/* End XCBuildConfiguration section */

/* Begin XCConfigurationList section */
		8BD486FB23DF342600EE1140 /* Build configuration list for PBXProject "River Garden Cafe" */ = {
			isa = XCConfigurationList;
			buildConfigurations = (
				8BD4871223DF342B00EE1140 /* Debug */,
				8BD4871323DF342B00EE1140 /* Release */,
			);
			defaultConfigurationIsVisible = 0;
			defaultConfigurationName = Release;
		};
		8BD4871423DF342B00EE1140 /* Build configuration list for PBXNativeTarget "River Garden Cafe" */ = {
			isa = XCConfigurationList;
			buildConfigurations = (
				8BD4871523DF342B00EE1140 /* Debug */,
				8BD4871623DF342B00EE1140 /* Release */,
			);
			defaultConfigurationIsVisible = 0;
			defaultConfigurationName = Release;
		};
/* End XCConfigurationList section */
	};
	rootObject = 8BD486F823DF342600EE1140 /* Project object */;
}
